// !$*UTF8*$!
{
	archiveVersion = 1;
	classes = {
	};
	objectVersion = 56;
	objects = {

/* Begin PBXBuildFile section */
		30EB9CDE2B83DD550000D2BB /* libopencv_line_descriptor.4.9.0.dylib in Frameworks */ = {isa = PBXBuildFile; fileRef = 30EB9CA72B83DD540000D2BB /* libopencv_line_descriptor.4.9.0.dylib */; };
		30EB9CDF2B83DD550000D2BB /* libopencv_imgcodecs.4.9.0.dylib in Frameworks */ = {isa = PBXBuildFile; fileRef = 30EB9CA82B83DD540000D2BB /* libopencv_imgcodecs.4.9.0.dylib */; };
		30EB9CE02B83DD550000D2BB /* libopencv_surface_matching.4.9.0.dylib in Frameworks */ = {isa = PBXBuildFile; fileRef = 30EB9CA92B83DD540000D2BB /* libopencv_surface_matching.4.9.0.dylib */; };
		30EB9CE12B83DD550000D2BB /* libopencv_saliency.4.9.0.dylib in Frameworks */ = {isa = PBXBuildFile; fileRef = 30EB9CAA2B83DD540000D2BB /* libopencv_saliency.4.9.0.dylib */; };
		30EB9CE22B83DD550000D2BB /* libopencv_flann.4.9.0.dylib in Frameworks */ = {isa = PBXBuildFile; fileRef = 30EB9CAB2B83DD540000D2BB /* libopencv_flann.4.9.0.dylib */; };
		30EB9CE32B83DD550000D2BB /* libopencv_dnn_objdetect.4.9.0.dylib in Frameworks */ = {isa = PBXBuildFile; fileRef = 30EB9CAC2B83DD540000D2BB /* libopencv_dnn_objdetect.4.9.0.dylib */; };
		30EB9CE42B83DD550000D2BB /* libopencv_intensity_transform.4.9.0.dylib in Frameworks */ = {isa = PBXBuildFile; fileRef = 30EB9CAD2B83DD540000D2BB /* libopencv_intensity_transform.4.9.0.dylib */; };
		30EB9CE52B83DD550000D2BB /* libopencv_dnn.4.9.0.dylib in Frameworks */ = {isa = PBXBuildFile; fileRef = 30EB9CAE2B83DD540000D2BB /* libopencv_dnn.4.9.0.dylib */; };
		30EB9CE62B83DD550000D2BB /* libopencv_optflow.4.9.0.dylib in Frameworks */ = {isa = PBXBuildFile; fileRef = 30EB9CAF2B83DD540000D2BB /* libopencv_optflow.4.9.0.dylib */; };
		30EB9CE72B83DD550000D2BB /* libopencv_xphoto.4.9.0.dylib in Frameworks */ = {isa = PBXBuildFile; fileRef = 30EB9CB02B83DD540000D2BB /* libopencv_xphoto.4.9.0.dylib */; };
		30EB9CE82B83DD550000D2BB /* libopencv_ximgproc.4.9.0.dylib in Frameworks */ = {isa = PBXBuildFile; fileRef = 30EB9CB12B83DD540000D2BB /* libopencv_ximgproc.4.9.0.dylib */; };
		30EB9CE92B83DD550000D2BB /* libopencv_alphamat.4.9.0.dylib in Frameworks */ = {isa = PBXBuildFile; fileRef = 30EB9CB22B83DD540000D2BB /* libopencv_alphamat.4.9.0.dylib */; };
		30EB9CEA2B83DD550000D2BB /* libopencv_shape.4.9.0.dylib in Frameworks */ = {isa = PBXBuildFile; fileRef = 30EB9CB32B83DD540000D2BB /* libopencv_shape.4.9.0.dylib */; };
		30EB9CEB2B83DD550000D2BB /* libopencv_bioinspired.4.9.0.dylib in Frameworks */ = {isa = PBXBuildFile; fileRef = 30EB9CB42B83DD540000D2BB /* libopencv_bioinspired.4.9.0.dylib */; };
		30EB9CEC2B83DD550000D2BB /* libopencv_features2d.4.9.0.dylib in Frameworks */ = {isa = PBXBuildFile; fileRef = 30EB9CB52B83DD540000D2BB /* libopencv_features2d.4.9.0.dylib */; };
		30EB9CED2B83DD550000D2BB /* libopencv_objdetect.4.9.0.dylib in Frameworks */ = {isa = PBXBuildFile; fileRef = 30EB9CB62B83DD540000D2BB /* libopencv_objdetect.4.9.0.dylib */; };
		30EB9CEE2B83DD550000D2BB /* libopencv_structured_light.4.9.0.dylib in Frameworks */ = {isa = PBXBuildFile; fileRef = 30EB9CB72B83DD540000D2BB /* libopencv_structured_light.4.9.0.dylib */; };
		30EB9CEF2B83DD550000D2BB /* libopencv_stitching.4.9.0.dylib in Frameworks */ = {isa = PBXBuildFile; fileRef = 30EB9CB82B83DD540000D2BB /* libopencv_stitching.4.9.0.dylib */; };
		30EB9CF02B83DD550000D2BB /* libopencv_stereo.4.9.0.dylib in Frameworks */ = {isa = PBXBuildFile; fileRef = 30EB9CB92B83DD540000D2BB /* libopencv_stereo.4.9.0.dylib */; };
		30EB9CF12B83DD550000D2BB /* libopencv_ccalib.4.9.0.dylib in Frameworks */ = {isa = PBXBuildFile; fileRef = 30EB9CBA2B83DD540000D2BB /* libopencv_ccalib.4.9.0.dylib */; };
		30EB9CF22B83DD550000D2BB /* libopencv_text.4.9.0.dylib in Frameworks */ = {isa = PBXBuildFile; fileRef = 30EB9CBB2B83DD540000D2BB /* libopencv_text.4.9.0.dylib */; };
		30EB9CF32B83DD550000D2BB /* libopencv_plot.4.9.0.dylib in Frameworks */ = {isa = PBXBuildFile; fileRef = 30EB9CBC2B83DD540000D2BB /* libopencv_plot.4.9.0.dylib */; };
		30EB9CF42B83DD550000D2BB /* libopencv_video.4.9.0.dylib in Frameworks */ = {isa = PBXBuildFile; fileRef = 30EB9CBD2B83DD540000D2BB /* libopencv_video.4.9.0.dylib */; };
		30EB9CF52B83DD550000D2BB /* libopencv_wechat_qrcode.4.9.0.dylib in Frameworks */ = {isa = PBXBuildFile; fileRef = 30EB9CBE2B83DD540000D2BB /* libopencv_wechat_qrcode.4.9.0.dylib */; };
		30EB9CF62B83DD550000D2BB /* libopencv_tracking.4.9.0.dylib in Frameworks */ = {isa = PBXBuildFile; fileRef = 30EB9CBF2B83DD540000D2BB /* libopencv_tracking.4.9.0.dylib */; };
		30EB9CF72B83DD550000D2BB /* libopencv_gapi.4.9.0.dylib in Frameworks */ = {isa = PBXBuildFile; fileRef = 30EB9CC02B83DD540000D2BB /* libopencv_gapi.4.9.0.dylib */; };
		30EB9CF82B83DD550000D2BB /* libopencv_reg.4.9.0.dylib in Frameworks */ = {isa = PBXBuildFile; fileRef = 30EB9CC12B83DD550000D2BB /* libopencv_reg.4.9.0.dylib */; };
		30EB9CF92B83DD550000D2BB /* libopencv_xfeatures2d.4.9.0.dylib in Frameworks */ = {isa = PBXBuildFile; fileRef = 30EB9CC22B83DD550000D2BB /* libopencv_xfeatures2d.4.9.0.dylib */; };
		30EB9CFA2B83DD550000D2BB /* libopencv_freetype.4.9.0.dylib in Frameworks */ = {isa = PBXBuildFile; fileRef = 30EB9CC32B83DD550000D2BB /* libopencv_freetype.4.9.0.dylib */; };
		30EB9CFB2B83DD550000D2BB /* libopencv_fuzzy.4.9.0.dylib in Frameworks */ = {isa = PBXBuildFile; fileRef = 30EB9CC42B83DD550000D2BB /* libopencv_fuzzy.4.9.0.dylib */; };
		30EB9CFC2B83DD550000D2BB /* libopencv_sfm.4.9.0.dylib in Frameworks */ = {isa = PBXBuildFile; fileRef = 30EB9CC52B83DD550000D2BB /* libopencv_sfm.4.9.0.dylib */; };
		30EB9CFD2B83DD550000D2BB /* libopencv_face.4.9.0.dylib in Frameworks */ = {isa = PBXBuildFile; fileRef = 30EB9CC62B83DD550000D2BB /* libopencv_face.4.9.0.dylib */; };
		30EB9CFE2B83DD550000D2BB /* libopencv_videostab.4.9.0.dylib in Frameworks */ = {isa = PBXBuildFile; fileRef = 30EB9CC72B83DD550000D2BB /* libopencv_videostab.4.9.0.dylib */; };
		30EB9CFF2B83DD550000D2BB /* libopencv_rapid.4.9.0.dylib in Frameworks */ = {isa = PBXBuildFile; fileRef = 30EB9CC82B83DD550000D2BB /* libopencv_rapid.4.9.0.dylib */; };
		30EB9D002B83DD550000D2BB /* libopencv_ml.4.9.0.dylib in Frameworks */ = {isa = PBXBuildFile; fileRef = 30EB9CC92B83DD550000D2BB /* libopencv_ml.4.9.0.dylib */; };
		30EB9D012B83DD550000D2BB /* libopencv_viz.4.9.0.dylib in Frameworks */ = {isa = PBXBuildFile; fileRef = 30EB9CCA2B83DD550000D2BB /* libopencv_viz.4.9.0.dylib */; };
		30EB9D022B83DD550000D2BB /* libopencv_superres.4.9.0.dylib in Frameworks */ = {isa = PBXBuildFile; fileRef = 30EB9CCB2B83DD550000D2BB /* libopencv_superres.4.9.0.dylib */; };
		30EB9D032B83DD550000D2BB /* libopencv_quality.4.9.0.dylib in Frameworks */ = {isa = PBXBuildFile; fileRef = 30EB9CCC2B83DD550000D2BB /* libopencv_quality.4.9.0.dylib */; };
		30EB9D042B83DD550000D2BB /* libopencv_core.4.9.0.dylib in Frameworks */ = {isa = PBXBuildFile; fileRef = 30EB9CCD2B83DD550000D2BB /* libopencv_core.4.9.0.dylib */; };
		30EB9D052B83DD550000D2BB /* libopencv_phase_unwrapping.4.9.0.dylib in Frameworks */ = {isa = PBXBuildFile; fileRef = 30EB9CCE2B83DD550000D2BB /* libopencv_phase_unwrapping.4.9.0.dylib */; };
		30EB9D062B83DD550000D2BB /* libopencv_highgui.4.9.0.dylib in Frameworks */ = {isa = PBXBuildFile; fileRef = 30EB9CCF2B83DD550000D2BB /* libopencv_highgui.4.9.0.dylib */; };
		30EB9D072B83DD550000D2BB /* libopencv_videoio.4.9.0.dylib in Frameworks */ = {isa = PBXBuildFile; fileRef = 30EB9CD02B83DD550000D2BB /* libopencv_videoio.4.9.0.dylib */; };
		30EB9D082B83DD550000D2BB /* libopencv_datasets.4.9.0.dylib in Frameworks */ = {isa = PBXBuildFile; fileRef = 30EB9CD12B83DD550000D2BB /* libopencv_datasets.4.9.0.dylib */; };
		30EB9D092B83DD550000D2BB /* libopencv_bgsegm.4.9.0.dylib in Frameworks */ = {isa = PBXBuildFile; fileRef = 30EB9CD22B83DD550000D2BB /* libopencv_bgsegm.4.9.0.dylib */; };
		30EB9D0A2B83DD550000D2BB /* libopencv_calib3d.4.9.0.dylib in Frameworks */ = {isa = PBXBuildFile; fileRef = 30EB9CD32B83DD550000D2BB /* libopencv_calib3d.4.9.0.dylib */; };
		30EB9D0B2B83DD550000D2BB /* libopencv_hfs.4.9.0.dylib in Frameworks */ = {isa = PBXBuildFile; fileRef = 30EB9CD42B83DD550000D2BB /* libopencv_hfs.4.9.0.dylib */; };
		30EB9D0C2B83DD550000D2BB /* libopencv_rgbd.4.9.0.dylib in Frameworks */ = {isa = PBXBuildFile; fileRef = 30EB9CD52B83DD550000D2BB /* libopencv_rgbd.4.9.0.dylib */; };
		30EB9D0D2B83DD550000D2BB /* libopencv_aruco.4.9.0.dylib in Frameworks */ = {isa = PBXBuildFile; fileRef = 30EB9CD62B83DD550000D2BB /* libopencv_aruco.4.9.0.dylib */; };
		30EB9D0E2B83DD550000D2BB /* libopencv_img_hash.4.9.0.dylib in Frameworks */ = {isa = PBXBuildFile; fileRef = 30EB9CD72B83DD550000D2BB /* libopencv_img_hash.4.9.0.dylib */; };
		30EB9D0F2B83DD550000D2BB /* libopencv_photo.4.9.0.dylib in Frameworks */ = {isa = PBXBuildFile; fileRef = 30EB9CD82B83DD550000D2BB /* libopencv_photo.4.9.0.dylib */; };
		30EB9D102B83DD550000D2BB /* libopencv_mcc.4.9.0.dylib in Frameworks */ = {isa = PBXBuildFile; fileRef = 30EB9CD92B83DD550000D2BB /* libopencv_mcc.4.9.0.dylib */; };
		30EB9D112B83DD550000D2BB /* libopencv_dnn_superres.4.9.0.dylib in Frameworks */ = {isa = PBXBuildFile; fileRef = 30EB9CDA2B83DD550000D2BB /* libopencv_dnn_superres.4.9.0.dylib */; };
		30EB9D122B83DD550000D2BB /* libopencv_dpm.4.9.0.dylib in Frameworks */ = {isa = PBXBuildFile; fileRef = 30EB9CDB2B83DD550000D2BB /* libopencv_dpm.4.9.0.dylib */; };
		30EB9D132B83DD550000D2BB /* libopencv_imgproc.4.9.0.dylib in Frameworks */ = {isa = PBXBuildFile; fileRef = 30EB9CDC2B83DD550000D2BB /* libopencv_imgproc.4.9.0.dylib */; };
		30EB9D142B83DD550000D2BB /* libopencv_xobjdetect.4.9.0.dylib in Frameworks */ = {isa = PBXBuildFile; fileRef = 30EB9CDD2B83DD550000D2BB /* libopencv_xobjdetect.4.9.0.dylib */; };
		30EB9D382B849E510000D2BB /* main.cpp in Sources */ = {isa = PBXBuildFile; fileRef = 30EB9D332B849E510000D2BB /* main.cpp */; };
/* End PBXBuildFile section */

/* Begin PBXCopyFilesBuildPhase section */
		30EB9C9A2B83D30A0000D2BB /* CopyFiles */ = {
			isa = PBXCopyFilesBuildPhase;
			buildActionMask = 2147483647;
			dstPath = /usr/share/man/man1/;
			dstSubfolderSpec = 0;
			files = (
			);
			runOnlyForDeploymentPostprocessing = 1;
		};
/* End PBXCopyFilesBuildPhase section */

/* Begin PBXFileReference section */
		30EB7A1B2B86062B006EB12D /* Color Line Following.entitlements */ = {isa = PBXFileReference; fileEncoding = 4; lastKnownFileType = text.plist.entitlements; path = "Color Line Following.entitlements"; sourceTree = "<group>"; };
		30EB9C9C2B83D30A0000D2BB /* Color Line Following */ = {isa = PBXFileReference; explicitFileType = "compiled.mach-o.executable"; includeInIndex = 0; path = "Color Line Following"; sourceTree = BUILT_PRODUCTS_DIR; };
		30EB9CA72B83DD540000D2BB /* libopencv_line_descriptor.4.9.0.dylib */ = {isa = PBXFileReference; lastKnownFileType = "compiled.mach-o.dylib"; name = libopencv_line_descriptor.4.9.0.dylib; path = ../../../../../../../../opt/homebrew/Cellar/opencv/4.9.0_3/lib/libopencv_line_descriptor.4.9.0.dylib; sourceTree = "<group>"; };
		30EB9CA82B83DD540000D2BB /* libopencv_imgcodecs.4.9.0.dylib */ = {isa = PBXFileReference; lastKnownFileType = "compiled.mach-o.dylib"; name = libopencv_imgcodecs.4.9.0.dylib; path = ../../../../../../../../opt/homebrew/Cellar/opencv/4.9.0_3/lib/libopencv_imgcodecs.4.9.0.dylib; sourceTree = "<group>"; };
		30EB9CA92B83DD540000D2BB /* libopencv_surface_matching.4.9.0.dylib */ = {isa = PBXFileReference; lastKnownFileType = "compiled.mach-o.dylib"; name = libopencv_surface_matching.4.9.0.dylib; path = ../../../../../../../../opt/homebrew/Cellar/opencv/4.9.0_3/lib/libopencv_surface_matching.4.9.0.dylib; sourceTree = "<group>"; };
		30EB9CAA2B83DD540000D2BB /* libopencv_saliency.4.9.0.dylib */ = {isa = PBXFileReference; lastKnownFileType = "compiled.mach-o.dylib"; name = libopencv_saliency.4.9.0.dylib; path = ../../../../../../../../opt/homebrew/Cellar/opencv/4.9.0_3/lib/libopencv_saliency.4.9.0.dylib; sourceTree = "<group>"; };
		30EB9CAB2B83DD540000D2BB /* libopencv_flann.4.9.0.dylib */ = {isa = PBXFileReference; lastKnownFileType = "compiled.mach-o.dylib"; name = libopencv_flann.4.9.0.dylib; path = ../../../../../../../../opt/homebrew/Cellar/opencv/4.9.0_3/lib/libopencv_flann.4.9.0.dylib; sourceTree = "<group>"; };
		30EB9CAC2B83DD540000D2BB /* libopencv_dnn_objdetect.4.9.0.dylib */ = {isa = PBXFileReference; lastKnownFileType = "compiled.mach-o.dylib"; name = libopencv_dnn_objdetect.4.9.0.dylib; path = ../../../../../../../../opt/homebrew/Cellar/opencv/4.9.0_3/lib/libopencv_dnn_objdetect.4.9.0.dylib; sourceTree = "<group>"; };
		30EB9CAD2B83DD540000D2BB /* libopencv_intensity_transform.4.9.0.dylib */ = {isa = PBXFileReference; lastKnownFileType = "compiled.mach-o.dylib"; name = libopencv_intensity_transform.4.9.0.dylib; path = ../../../../../../../../opt/homebrew/Cellar/opencv/4.9.0_3/lib/libopencv_intensity_transform.4.9.0.dylib; sourceTree = "<group>"; };
		30EB9CAE2B83DD540000D2BB /* libopencv_dnn.4.9.0.dylib */ = {isa = PBXFileReference; lastKnownFileType = "compiled.mach-o.dylib"; name = libopencv_dnn.4.9.0.dylib; path = ../../../../../../../../opt/homebrew/Cellar/opencv/4.9.0_3/lib/libopencv_dnn.4.9.0.dylib; sourceTree = "<group>"; };
		30EB9CAF2B83DD540000D2BB /* libopencv_optflow.4.9.0.dylib */ = {isa = PBXFileReference; lastKnownFileType = "compiled.mach-o.dylib"; name = libopencv_optflow.4.9.0.dylib; path = ../../../../../../../../opt/homebrew/Cellar/opencv/4.9.0_3/lib/libopencv_optflow.4.9.0.dylib; sourceTree = "<group>"; };
		30EB9CB02B83DD540000D2BB /* libopencv_xphoto.4.9.0.dylib */ = {isa = PBXFileReference; lastKnownFileType = "compiled.mach-o.dylib"; name = libopencv_xphoto.4.9.0.dylib; path = ../../../../../../../../opt/homebrew/Cellar/opencv/4.9.0_3/lib/libopencv_xphoto.4.9.0.dylib; sourceTree = "<group>"; };
		30EB9CB12B83DD540000D2BB /* libopencv_ximgproc.4.9.0.dylib */ = {isa = PBXFileReference; lastKnownFileType = "compiled.mach-o.dylib"; name = libopencv_ximgproc.4.9.0.dylib; path = ../../../../../../../../opt/homebrew/Cellar/opencv/4.9.0_3/lib/libopencv_ximgproc.4.9.0.dylib; sourceTree = "<group>"; };
		30EB9CB22B83DD540000D2BB /* libopencv_alphamat.4.9.0.dylib */ = {isa = PBXFileReference; lastKnownFileType = "compiled.mach-o.dylib"; name = libopencv_alphamat.4.9.0.dylib; path = ../../../../../../../../opt/homebrew/Cellar/opencv/4.9.0_3/lib/libopencv_alphamat.4.9.0.dylib; sourceTree = "<group>"; };
		30EB9CB32B83DD540000D2BB /* libopencv_shape.4.9.0.dylib */ = {isa = PBXFileReference; lastKnownFileType = "compiled.mach-o.dylib"; name = libopencv_shape.4.9.0.dylib; path = ../../../../../../../../opt/homebrew/Cellar/opencv/4.9.0_3/lib/libopencv_shape.4.9.0.dylib; sourceTree = "<group>"; };
		30EB9CB42B83DD540000D2BB /* libopencv_bioinspired.4.9.0.dylib */ = {isa = PBXFileReference; lastKnownFileType = "compiled.mach-o.dylib"; name = libopencv_bioinspired.4.9.0.dylib; path = ../../../../../../../../opt/homebrew/Cellar/opencv/4.9.0_3/lib/libopencv_bioinspired.4.9.0.dylib; sourceTree = "<group>"; };
		30EB9CB52B83DD540000D2BB /* libopencv_features2d.4.9.0.dylib */ = {isa = PBXFileReference; lastKnownFileType = "compiled.mach-o.dylib"; name = libopencv_features2d.4.9.0.dylib; path = ../../../../../../../../opt/homebrew/Cellar/opencv/4.9.0_3/lib/libopencv_features2d.4.9.0.dylib; sourceTree = "<group>"; };
		30EB9CB62B83DD540000D2BB /* libopencv_objdetect.4.9.0.dylib */ = {isa = PBXFileReference; lastKnownFileType = "compiled.mach-o.dylib"; name = libopencv_objdetect.4.9.0.dylib; path = ../../../../../../../../opt/homebrew/Cellar/opencv/4.9.0_3/lib/libopencv_objdetect.4.9.0.dylib; sourceTree = "<group>"; };
		30EB9CB72B83DD540000D2BB /* libopencv_structured_light.4.9.0.dylib */ = {isa = PBXFileReference; lastKnownFileType = "compiled.mach-o.dylib"; name = libopencv_structured_light.4.9.0.dylib; path = ../../../../../../../../opt/homebrew/Cellar/opencv/4.9.0_3/lib/libopencv_structured_light.4.9.0.dylib; sourceTree = "<group>"; };
		30EB9CB82B83DD540000D2BB /* libopencv_stitching.4.9.0.dylib */ = {isa = PBXFileReference; lastKnownFileType = "compiled.mach-o.dylib"; name = libopencv_stitching.4.9.0.dylib; path = ../../../../../../../../opt/homebrew/Cellar/opencv/4.9.0_3/lib/libopencv_stitching.4.9.0.dylib; sourceTree = "<group>"; };
		30EB9CB92B83DD540000D2BB /* libopencv_stereo.4.9.0.dylib */ = {isa = PBXFileReference; lastKnownFileType = "compiled.mach-o.dylib"; name = libopencv_stereo.4.9.0.dylib; path = ../../../../../../../../opt/homebrew/Cellar/opencv/4.9.0_3/lib/libopencv_stereo.4.9.0.dylib; sourceTree = "<group>"; };
		30EB9CBA2B83DD540000D2BB /* libopencv_ccalib.4.9.0.dylib */ = {isa = PBXFileReference; lastKnownFileType = "compiled.mach-o.dylib"; name = libopencv_ccalib.4.9.0.dylib; path = ../../../../../../../../opt/homebrew/Cellar/opencv/4.9.0_3/lib/libopencv_ccalib.4.9.0.dylib; sourceTree = "<group>"; };
		30EB9CBB2B83DD540000D2BB /* libopencv_text.4.9.0.dylib */ = {isa = PBXFileReference; lastKnownFileType = "compiled.mach-o.dylib"; name = libopencv_text.4.9.0.dylib; path = ../../../../../../../../opt/homebrew/Cellar/opencv/4.9.0_3/lib/libopencv_text.4.9.0.dylib; sourceTree = "<group>"; };
		30EB9CBC2B83DD540000D2BB /* libopencv_plot.4.9.0.dylib */ = {isa = PBXFileReference; lastKnownFileType = "compiled.mach-o.dylib"; name = libopencv_plot.4.9.0.dylib; path = ../../../../../../../../opt/homebrew/Cellar/opencv/4.9.0_3/lib/libopencv_plot.4.9.0.dylib; sourceTree = "<group>"; };
		30EB9CBD2B83DD540000D2BB /* libopencv_video.4.9.0.dylib */ = {isa = PBXFileReference; lastKnownFileType = "compiled.mach-o.dylib"; name = libopencv_video.4.9.0.dylib; path = ../../../../../../../../opt/homebrew/Cellar/opencv/4.9.0_3/lib/libopencv_video.4.9.0.dylib; sourceTree = "<group>"; };
		30EB9CBE2B83DD540000D2BB /* libopencv_wechat_qrcode.4.9.0.dylib */ = {isa = PBXFileReference; lastKnownFileType = "compiled.mach-o.dylib"; name = libopencv_wechat_qrcode.4.9.0.dylib; path = ../../../../../../../../opt/homebrew/Cellar/opencv/4.9.0_3/lib/libopencv_wechat_qrcode.4.9.0.dylib; sourceTree = "<group>"; };
		30EB9CBF2B83DD540000D2BB /* libopencv_tracking.4.9.0.dylib */ = {isa = PBXFileReference; lastKnownFileType = "compiled.mach-o.dylib"; name = libopencv_tracking.4.9.0.dylib; path = ../../../../../../../../opt/homebrew/Cellar/opencv/4.9.0_3/lib/libopencv_tracking.4.9.0.dylib; sourceTree = "<group>"; };
		30EB9CC02B83DD540000D2BB /* libopencv_gapi.4.9.0.dylib */ = {isa = PBXFileReference; lastKnownFileType = "compiled.mach-o.dylib"; name = libopencv_gapi.4.9.0.dylib; path = ../../../../../../../../opt/homebrew/Cellar/opencv/4.9.0_3/lib/libopencv_gapi.4.9.0.dylib; sourceTree = "<group>"; };
		30EB9CC12B83DD550000D2BB /* libopencv_reg.4.9.0.dylib */ = {isa = PBXFileReference; lastKnownFileType = "compiled.mach-o.dylib"; name = libopencv_reg.4.9.0.dylib; path = ../../../../../../../../opt/homebrew/Cellar/opencv/4.9.0_3/lib/libopencv_reg.4.9.0.dylib; sourceTree = "<group>"; };
		30EB9CC22B83DD550000D2BB /* libopencv_xfeatures2d.4.9.0.dylib */ = {isa = PBXFileReference; lastKnownFileType = "compiled.mach-o.dylib"; name = libopencv_xfeatures2d.4.9.0.dylib; path = ../../../../../../../../opt/homebrew/Cellar/opencv/4.9.0_3/lib/libopencv_xfeatures2d.4.9.0.dylib; sourceTree = "<group>"; };
		30EB9CC32B83DD550000D2BB /* libopencv_freetype.4.9.0.dylib */ = {isa = PBXFileReference; lastKnownFileType = "compiled.mach-o.dylib"; name = libopencv_freetype.4.9.0.dylib; path = ../../../../../../../../opt/homebrew/Cellar/opencv/4.9.0_3/lib/libopencv_freetype.4.9.0.dylib; sourceTree = "<group>"; };
		30EB9CC42B83DD550000D2BB /* libopencv_fuzzy.4.9.0.dylib */ = {isa = PBXFileReference; lastKnownFileType = "compiled.mach-o.dylib"; name = libopencv_fuzzy.4.9.0.dylib; path = ../../../../../../../../opt/homebrew/Cellar/opencv/4.9.0_3/lib/libopencv_fuzzy.4.9.0.dylib; sourceTree = "<group>"; };
		30EB9CC52B83DD550000D2BB /* libopencv_sfm.4.9.0.dylib */ = {isa = PBXFileReference; lastKnownFileType = "compiled.mach-o.dylib"; name = libopencv_sfm.4.9.0.dylib; path = ../../../../../../../../opt/homebrew/Cellar/opencv/4.9.0_3/lib/libopencv_sfm.4.9.0.dylib; sourceTree = "<group>"; };
		30EB9CC62B83DD550000D2BB /* libopencv_face.4.9.0.dylib */ = {isa = PBXFileReference; lastKnownFileType = "compiled.mach-o.dylib"; name = libopencv_face.4.9.0.dylib; path = ../../../../../../../../opt/homebrew/Cellar/opencv/4.9.0_3/lib/libopencv_face.4.9.0.dylib; sourceTree = "<group>"; };
		30EB9CC72B83DD550000D2BB /* libopencv_videostab.4.9.0.dylib */ = {isa = PBXFileReference; lastKnownFileType = "compiled.mach-o.dylib"; name = libopencv_videostab.4.9.0.dylib; path = ../../../../../../../../opt/homebrew/Cellar/opencv/4.9.0_3/lib/libopencv_videostab.4.9.0.dylib; sourceTree = "<group>"; };
		30EB9CC82B83DD550000D2BB /* libopencv_rapid.4.9.0.dylib */ = {isa = PBXFileReference; lastKnownFileType = "compiled.mach-o.dylib"; name = libopencv_rapid.4.9.0.dylib; path = ../../../../../../../../opt/homebrew/Cellar/opencv/4.9.0_3/lib/libopencv_rapid.4.9.0.dylib; sourceTree = "<group>"; };
		30EB9CC92B83DD550000D2BB /* libopencv_ml.4.9.0.dylib */ = {isa = PBXFileReference; lastKnownFileType = "compiled.mach-o.dylib"; name = libopencv_ml.4.9.0.dylib; path = ../../../../../../../../opt/homebrew/Cellar/opencv/4.9.0_3/lib/libopencv_ml.4.9.0.dylib; sourceTree = "<group>"; };
		30EB9CCA2B83DD550000D2BB /* libopencv_viz.4.9.0.dylib */ = {isa = PBXFileReference; lastKnownFileType = "compiled.mach-o.dylib"; name = libopencv_viz.4.9.0.dylib; path = ../../../../../../../../opt/homebrew/Cellar/opencv/4.9.0_3/lib/libopencv_viz.4.9.0.dylib; sourceTree = "<group>"; };
		30EB9CCB2B83DD550000D2BB /* libopencv_superres.4.9.0.dylib */ = {isa = PBXFileReference; lastKnownFileType = "compiled.mach-o.dylib"; name = libopencv_superres.4.9.0.dylib; path = ../../../../../../../../opt/homebrew/Cellar/opencv/4.9.0_3/lib/libopencv_superres.4.9.0.dylib; sourceTree = "<group>"; };
		30EB9CCC2B83DD550000D2BB /* libopencv_quality.4.9.0.dylib */ = {isa = PBXFileReference; lastKnownFileType = "compiled.mach-o.dylib"; name = libopencv_quality.4.9.0.dylib; path = ../../../../../../../../opt/homebrew/Cellar/opencv/4.9.0_3/lib/libopencv_quality.4.9.0.dylib; sourceTree = "<group>"; };
		30EB9CCD2B83DD550000D2BB /* libopencv_core.4.9.0.dylib */ = {isa = PBXFileReference; lastKnownFileType = "compiled.mach-o.dylib"; name = libopencv_core.4.9.0.dylib; path = ../../../../../../../../opt/homebrew/Cellar/opencv/4.9.0_3/lib/libopencv_core.4.9.0.dylib; sourceTree = "<group>"; };
		30EB9CCE2B83DD550000D2BB /* libopencv_phase_unwrapping.4.9.0.dylib */ = {isa = PBXFileReference; lastKnownFileType = "compiled.mach-o.dylib"; name = libopencv_phase_unwrapping.4.9.0.dylib; path = ../../../../../../../../opt/homebrew/Cellar/opencv/4.9.0_3/lib/libopencv_phase_unwrapping.4.9.0.dylib; sourceTree = "<group>"; };
		30EB9CCF2B83DD550000D2BB /* libopencv_highgui.4.9.0.dylib */ = {isa = PBXFileReference; lastKnownFileType = "compiled.mach-o.dylib"; name = libopencv_highgui.4.9.0.dylib; path = ../../../../../../../../opt/homebrew/Cellar/opencv/4.9.0_3/lib/libopencv_highgui.4.9.0.dylib; sourceTree = "<group>"; };
		30EB9CD02B83DD550000D2BB /* libopencv_videoio.4.9.0.dylib */ = {isa = PBXFileReference; lastKnownFileType = "compiled.mach-o.dylib"; name = libopencv_videoio.4.9.0.dylib; path = ../../../../../../../../opt/homebrew/Cellar/opencv/4.9.0_3/lib/libopencv_videoio.4.9.0.dylib; sourceTree = "<group>"; };
		30EB9CD12B83DD550000D2BB /* libopencv_datasets.4.9.0.dylib */ = {isa = PBXFileReference; lastKnownFileType = "compiled.mach-o.dylib"; name = libopencv_datasets.4.9.0.dylib; path = ../../../../../../../../opt/homebrew/Cellar/opencv/4.9.0_3/lib/libopencv_datasets.4.9.0.dylib; sourceTree = "<group>"; };
		30EB9CD22B83DD550000D2BB /* libopencv_bgsegm.4.9.0.dylib */ = {isa = PBXFileReference; lastKnownFileType = "compiled.mach-o.dylib"; name = libopencv_bgsegm.4.9.0.dylib; path = ../../../../../../../../opt/homebrew/Cellar/opencv/4.9.0_3/lib/libopencv_bgsegm.4.9.0.dylib; sourceTree = "<group>"; };
		30EB9CD32B83DD550000D2BB /* libopencv_calib3d.4.9.0.dylib */ = {isa = PBXFileReference; lastKnownFileType = "compiled.mach-o.dylib"; name = libopencv_calib3d.4.9.0.dylib; path = ../../../../../../../../opt/homebrew/Cellar/opencv/4.9.0_3/lib/libopencv_calib3d.4.9.0.dylib; sourceTree = "<group>"; };
		30EB9CD42B83DD550000D2BB /* libopencv_hfs.4.9.0.dylib */ = {isa = PBXFileReference; lastKnownFileType = "compiled.mach-o.dylib"; name = libopencv_hfs.4.9.0.dylib; path = ../../../../../../../../opt/homebrew/Cellar/opencv/4.9.0_3/lib/libopencv_hfs.4.9.0.dylib; sourceTree = "<group>"; };
		30EB9CD52B83DD550000D2BB /* libopencv_rgbd.4.9.0.dylib */ = {isa = PBXFileReference; lastKnownFileType = "compiled.mach-o.dylib"; name = libopencv_rgbd.4.9.0.dylib; path = ../../../../../../../../opt/homebrew/Cellar/opencv/4.9.0_3/lib/libopencv_rgbd.4.9.0.dylib; sourceTree = "<group>"; };
		30EB9CD62B83DD550000D2BB /* libopencv_aruco.4.9.0.dylib */ = {isa = PBXFileReference; lastKnownFileType = "compiled.mach-o.dylib"; name = libopencv_aruco.4.9.0.dylib; path = ../../../../../../../../opt/homebrew/Cellar/opencv/4.9.0_3/lib/libopencv_aruco.4.9.0.dylib; sourceTree = "<group>"; };
		30EB9CD72B83DD550000D2BB /* libopencv_img_hash.4.9.0.dylib */ = {isa = PBXFileReference; lastKnownFileType = "compiled.mach-o.dylib"; name = libopencv_img_hash.4.9.0.dylib; path = ../../../../../../../../opt/homebrew/Cellar/opencv/4.9.0_3/lib/libopencv_img_hash.4.9.0.dylib; sourceTree = "<group>"; };
		30EB9CD82B83DD550000D2BB /* libopencv_photo.4.9.0.dylib */ = {isa = PBXFileReference; lastKnownFileType = "compiled.mach-o.dylib"; name = libopencv_photo.4.9.0.dylib; path = ../../../../../../../../opt/homebrew/Cellar/opencv/4.9.0_3/lib/libopencv_photo.4.9.0.dylib; sourceTree = "<group>"; };
		30EB9CD92B83DD550000D2BB /* libopencv_mcc.4.9.0.dylib */ = {isa = PBXFileReference; lastKnownFileType = "compiled.mach-o.dylib"; name = libopencv_mcc.4.9.0.dylib; path = ../../../../../../../../opt/homebrew/Cellar/opencv/4.9.0_3/lib/libopencv_mcc.4.9.0.dylib; sourceTree = "<group>"; };
		30EB9CDA2B83DD550000D2BB /* libopencv_dnn_superres.4.9.0.dylib */ = {isa = PBXFileReference; lastKnownFileType = "compiled.mach-o.dylib"; name = libopencv_dnn_superres.4.9.0.dylib; path = ../../../../../../../../opt/homebrew/Cellar/opencv/4.9.0_3/lib/libopencv_dnn_superres.4.9.0.dylib; sourceTree = "<group>"; };
		30EB9CDB2B83DD550000D2BB /* libopencv_dpm.4.9.0.dylib */ = {isa = PBXFileReference; lastKnownFileType = "compiled.mach-o.dylib"; name = libopencv_dpm.4.9.0.dylib; path = ../../../../../../../../opt/homebrew/Cellar/opencv/4.9.0_3/lib/libopencv_dpm.4.9.0.dylib; sourceTree = "<group>"; };
		30EB9CDC2B83DD550000D2BB /* libopencv_imgproc.4.9.0.dylib */ = {isa = PBXFileReference; lastKnownFileType = "compiled.mach-o.dylib"; name = libopencv_imgproc.4.9.0.dylib; path = ../../../../../../../../opt/homebrew/Cellar/opencv/4.9.0_3/lib/libopencv_imgproc.4.9.0.dylib; sourceTree = "<group>"; };
		30EB9CDD2B83DD550000D2BB /* libopencv_xobjdetect.4.9.0.dylib */ = {isa = PBXFileReference; lastKnownFileType = "compiled.mach-o.dylib"; name = libopencv_xobjdetect.4.9.0.dylib; path = ../../../../../../../../opt/homebrew/Cellar/opencv/4.9.0_3/lib/libopencv_xobjdetect.4.9.0.dylib; sourceTree = "<group>"; };
		30EB9D332B849E510000D2BB /* main.cpp */ = {isa = PBXFileReference; fileEncoding = 4; lastKnownFileType = sourcecode.cpp.cpp; path = main.cpp; sourceTree = "<group>"; };
/* End PBXFileReference section */

/* Begin PBXFrameworksBuildPhase section */
		30EB9C992B83D30A0000D2BB /* Frameworks */ = {
			isa = PBXFrameworksBuildPhase;
			buildActionMask = 2147483647;
			files = (
				30EB9CEC2B83DD550000D2BB /* libopencv_features2d.4.9.0.dylib in Frameworks */,
				30EB9CFC2B83DD550000D2BB /* libopencv_sfm.4.9.0.dylib in Frameworks */,
				30EB9CF32B83DD550000D2BB /* libopencv_plot.4.9.0.dylib in Frameworks */,
				30EB9D052B83DD550000D2BB /* libopencv_phase_unwrapping.4.9.0.dylib in Frameworks */,
				30EB9D102B83DD550000D2BB /* libopencv_mcc.4.9.0.dylib in Frameworks */,
				30EB9CE42B83DD550000D2BB /* libopencv_intensity_transform.4.9.0.dylib in Frameworks */,
				30EB9D012B83DD550000D2BB /* libopencv_viz.4.9.0.dylib in Frameworks */,
				30EB9CFB2B83DD550000D2BB /* libopencv_fuzzy.4.9.0.dylib in Frameworks */,
				30EB9D122B83DD550000D2BB /* libopencv_dpm.4.9.0.dylib in Frameworks */,
				30EB9D0C2B83DD550000D2BB /* libopencv_rgbd.4.9.0.dylib in Frameworks */,
				30EB9D082B83DD550000D2BB /* libopencv_datasets.4.9.0.dylib in Frameworks */,
				30EB9CE32B83DD550000D2BB /* libopencv_dnn_objdetect.4.9.0.dylib in Frameworks */,
				30EB9CF62B83DD550000D2BB /* libopencv_tracking.4.9.0.dylib in Frameworks */,
				30EB9D0B2B83DD550000D2BB /* libopencv_hfs.4.9.0.dylib in Frameworks */,
				30EB9CE72B83DD550000D2BB /* libopencv_xphoto.4.9.0.dylib in Frameworks */,
				30EB9D142B83DD550000D2BB /* libopencv_xobjdetect.4.9.0.dylib in Frameworks */,
				30EB9D072B83DD550000D2BB /* libopencv_videoio.4.9.0.dylib in Frameworks */,
				30EB9CF42B83DD550000D2BB /* libopencv_video.4.9.0.dylib in Frameworks */,
				30EB9CF82B83DD550000D2BB /* libopencv_reg.4.9.0.dylib in Frameworks */,
				30EB9D022B83DD550000D2BB /* libopencv_superres.4.9.0.dylib in Frameworks */,
				30EB9CF72B83DD550000D2BB /* libopencv_gapi.4.9.0.dylib in Frameworks */,
				30EB9CF12B83DD550000D2BB /* libopencv_ccalib.4.9.0.dylib in Frameworks */,
				30EB9CE22B83DD550000D2BB /* libopencv_flann.4.9.0.dylib in Frameworks */,
				30EB9D132B83DD550000D2BB /* libopencv_imgproc.4.9.0.dylib in Frameworks */,
				30EB9CE82B83DD550000D2BB /* libopencv_ximgproc.4.9.0.dylib in Frameworks */,
				30EB9CE52B83DD550000D2BB /* libopencv_dnn.4.9.0.dylib in Frameworks */,
				30EB9D062B83DD550000D2BB /* libopencv_highgui.4.9.0.dylib in Frameworks */,
				30EB9CE12B83DD550000D2BB /* libopencv_saliency.4.9.0.dylib in Frameworks */,
				30EB9CFE2B83DD550000D2BB /* libopencv_videostab.4.9.0.dylib in Frameworks */,
				30EB9CEE2B83DD550000D2BB /* libopencv_structured_light.4.9.0.dylib in Frameworks */,
				30EB9D0A2B83DD550000D2BB /* libopencv_calib3d.4.9.0.dylib in Frameworks */,
				30EB9CEB2B83DD550000D2BB /* libopencv_bioinspired.4.9.0.dylib in Frameworks */,
				30EB9CEF2B83DD550000D2BB /* libopencv_stitching.4.9.0.dylib in Frameworks */,
				30EB9CFD2B83DD550000D2BB /* libopencv_face.4.9.0.dylib in Frameworks */,
				30EB9D002B83DD550000D2BB /* libopencv_ml.4.9.0.dylib in Frameworks */,
				30EB9CDE2B83DD550000D2BB /* libopencv_line_descriptor.4.9.0.dylib in Frameworks */,
				30EB9CEA2B83DD550000D2BB /* libopencv_shape.4.9.0.dylib in Frameworks */,
				30EB9CFF2B83DD550000D2BB /* libopencv_rapid.4.9.0.dylib in Frameworks */,
				30EB9D092B83DD550000D2BB /* libopencv_bgsegm.4.9.0.dylib in Frameworks */,
				30EB9D0E2B83DD550000D2BB /* libopencv_img_hash.4.9.0.dylib in Frameworks */,
				30EB9D042B83DD550000D2BB /* libopencv_core.4.9.0.dylib in Frameworks */,
				30EB9CE92B83DD550000D2BB /* libopencv_alphamat.4.9.0.dylib in Frameworks */,
				30EB9CDF2B83DD550000D2BB /* libopencv_imgcodecs.4.9.0.dylib in Frameworks */,
				30EB9CED2B83DD550000D2BB /* libopencv_objdetect.4.9.0.dylib in Frameworks */,
				30EB9CF02B83DD550000D2BB /* libopencv_stereo.4.9.0.dylib in Frameworks */,
				30EB9CE02B83DD550000D2BB /* libopencv_surface_matching.4.9.0.dylib in Frameworks */,
				30EB9CFA2B83DD550000D2BB /* libopencv_freetype.4.9.0.dylib in Frameworks */,
				30EB9D112B83DD550000D2BB /* libopencv_dnn_superres.4.9.0.dylib in Frameworks */,
				30EB9D0F2B83DD550000D2BB /* libopencv_photo.4.9.0.dylib in Frameworks */,
				30EB9CF92B83DD550000D2BB /* libopencv_xfeatures2d.4.9.0.dylib in Frameworks */,
				30EB9CE62B83DD550000D2BB /* libopencv_optflow.4.9.0.dylib in Frameworks */,
				30EB9CF52B83DD550000D2BB /* libopencv_wechat_qrcode.4.9.0.dylib in Frameworks */,
				30EB9D032B83DD550000D2BB /* libopencv_quality.4.9.0.dylib in Frameworks */,
				30EB9CF22B83DD550000D2BB /* libopencv_text.4.9.0.dylib in Frameworks */,
				30EB9D0D2B83DD550000D2BB /* libopencv_aruco.4.9.0.dylib in Frameworks */,
			);
			runOnlyForDeploymentPostprocessing = 0;
		};
/* End PBXFrameworksBuildPhase section */

/* Begin PBXGroup section */
		30EB9C932B83D30A0000D2BB = {
			isa = PBXGroup;
			children = (
				30EB9CB22B83DD540000D2BB /* libopencv_alphamat.4.9.0.dylib */,
				30EB9CD62B83DD550000D2BB /* libopencv_aruco.4.9.0.dylib */,
				30EB9CD22B83DD550000D2BB /* libopencv_bgsegm.4.9.0.dylib */,
				30EB9CB42B83DD540000D2BB /* libopencv_bioinspired.4.9.0.dylib */,
				30EB9CD32B83DD550000D2BB /* libopencv_calib3d.4.9.0.dylib */,
				30EB9CBA2B83DD540000D2BB /* libopencv_ccalib.4.9.0.dylib */,
				30EB9CCD2B83DD550000D2BB /* libopencv_core.4.9.0.dylib */,
				30EB9CD12B83DD550000D2BB /* libopencv_datasets.4.9.0.dylib */,
				30EB9CAC2B83DD540000D2BB /* libopencv_dnn_objdetect.4.9.0.dylib */,
				30EB9CDA2B83DD550000D2BB /* libopencv_dnn_superres.4.9.0.dylib */,
				30EB9CAE2B83DD540000D2BB /* libopencv_dnn.4.9.0.dylib */,
				30EB9CDB2B83DD550000D2BB /* libopencv_dpm.4.9.0.dylib */,
				30EB9CC62B83DD550000D2BB /* libopencv_face.4.9.0.dylib */,
				30EB9CB52B83DD540000D2BB /* libopencv_features2d.4.9.0.dylib */,
				30EB9CAB2B83DD540000D2BB /* libopencv_flann.4.9.0.dylib */,
				30EB9CC32B83DD550000D2BB /* libopencv_freetype.4.9.0.dylib */,
				30EB9CC42B83DD550000D2BB /* libopencv_fuzzy.4.9.0.dylib */,
				30EB9CC02B83DD540000D2BB /* libopencv_gapi.4.9.0.dylib */,
				30EB9CD42B83DD550000D2BB /* libopencv_hfs.4.9.0.dylib */,
				30EB9CCF2B83DD550000D2BB /* libopencv_highgui.4.9.0.dylib */,
				30EB9CD72B83DD550000D2BB /* libopencv_img_hash.4.9.0.dylib */,
				30EB9CA82B83DD540000D2BB /* libopencv_imgcodecs.4.9.0.dylib */,
				30EB9CDC2B83DD550000D2BB /* libopencv_imgproc.4.9.0.dylib */,
				30EB9CAD2B83DD540000D2BB /* libopencv_intensity_transform.4.9.0.dylib */,
				30EB9CA72B83DD540000D2BB /* libopencv_line_descriptor.4.9.0.dylib */,
				30EB9CD92B83DD550000D2BB /* libopencv_mcc.4.9.0.dylib */,
				30EB9CC92B83DD550000D2BB /* libopencv_ml.4.9.0.dylib */,
				30EB9CB62B83DD540000D2BB /* libopencv_objdetect.4.9.0.dylib */,
				30EB9CAF2B83DD540000D2BB /* libopencv_optflow.4.9.0.dylib */,
				30EB9CCE2B83DD550000D2BB /* libopencv_phase_unwrapping.4.9.0.dylib */,
				30EB9CD82B83DD550000D2BB /* libopencv_photo.4.9.0.dylib */,
				30EB9CBC2B83DD540000D2BB /* libopencv_plot.4.9.0.dylib */,
				30EB9CCC2B83DD550000D2BB /* libopencv_quality.4.9.0.dylib */,
				30EB9CC82B83DD550000D2BB /* libopencv_rapid.4.9.0.dylib */,
				30EB9CC12B83DD550000D2BB /* libopencv_reg.4.9.0.dylib */,
				30EB9CD52B83DD550000D2BB /* libopencv_rgbd.4.9.0.dylib */,
				30EB9CAA2B83DD540000D2BB /* libopencv_saliency.4.9.0.dylib */,
				30EB9CC52B83DD550000D2BB /* libopencv_sfm.4.9.0.dylib */,
				30EB9CB32B83DD540000D2BB /* libopencv_shape.4.9.0.dylib */,
				30EB9CB92B83DD540000D2BB /* libopencv_stereo.4.9.0.dylib */,
				30EB9CB82B83DD540000D2BB /* libopencv_stitching.4.9.0.dylib */,
				30EB9CB72B83DD540000D2BB /* libopencv_structured_light.4.9.0.dylib */,
				30EB9CCB2B83DD550000D2BB /* libopencv_superres.4.9.0.dylib */,
				30EB9CA92B83DD540000D2BB /* libopencv_surface_matching.4.9.0.dylib */,
				30EB9CBB2B83DD540000D2BB /* libopencv_text.4.9.0.dylib */,
				30EB9CBF2B83DD540000D2BB /* libopencv_tracking.4.9.0.dylib */,
				30EB9CBD2B83DD540000D2BB /* libopencv_video.4.9.0.dylib */,
				30EB9CD02B83DD550000D2BB /* libopencv_videoio.4.9.0.dylib */,
				30EB9CC72B83DD550000D2BB /* libopencv_videostab.4.9.0.dylib */,
				30EB9CCA2B83DD550000D2BB /* libopencv_viz.4.9.0.dylib */,
				30EB9CBE2B83DD540000D2BB /* libopencv_wechat_qrcode.4.9.0.dylib */,
				30EB9CC22B83DD550000D2BB /* libopencv_xfeatures2d.4.9.0.dylib */,
				30EB9CB12B83DD540000D2BB /* libopencv_ximgproc.4.9.0.dylib */,
				30EB9CDD2B83DD550000D2BB /* libopencv_xobjdetect.4.9.0.dylib */,
				30EB9CB02B83DD540000D2BB /* libopencv_xphoto.4.9.0.dylib */,
				30EB9C9E2B83D30A0000D2BB /* Color Line Following */,
				30EB9C9D2B83D30A0000D2BB /* Products */,
			);
			sourceTree = "<group>";
		};
		30EB9C9D2B83D30A0000D2BB /* Products */ = {
			isa = PBXGroup;
			children = (
				30EB9C9C2B83D30A0000D2BB /* Color Line Following */,
			);
			name = Products;
			sourceTree = "<group>";
		};
		30EB9C9E2B83D30A0000D2BB /* Color Line Following */ = {
			isa = PBXGroup;
			children = (
				30EB7A1B2B86062B006EB12D /* Color Line Following.entitlements */,
				30EB9D332B849E510000D2BB /* main.cpp */,
			);
			path = "Color Line Following";
			sourceTree = "<group>";
		};
/* End PBXGroup section */

/* Begin PBXNativeTarget section */
		30EB9C9B2B83D30A0000D2BB /* Color Line Following */ = {
			isa = PBXNativeTarget;
			buildConfigurationList = 30EB9CA32B83D30A0000D2BB /* Build configuration list for PBXNativeTarget "Color Line Following" */;
			buildPhases = (
				30EB9C982B83D30A0000D2BB /* Sources */,
				30EB9C992B83D30A0000D2BB /* Frameworks */,
				30EB9C9A2B83D30A0000D2BB /* CopyFiles */,
			);
			buildRules = (
			);
			dependencies = (
			);
			name = "Color Line Following";
			productName = "Color Line Following";
			productReference = 30EB9C9C2B83D30A0000D2BB /* Color Line Following */;
			productType = "com.apple.product-type.tool";
		};
/* End PBXNativeTarget section */

/* Begin PBXProject section */
		30EB9C942B83D30A0000D2BB /* Project object */ = {
			isa = PBXProject;
			attributes = {
				BuildIndependentTargetsInParallel = 1;
				LastUpgradeCheck = 1520;
				TargetAttributes = {
					30EB9C9B2B83D30A0000D2BB = {
						CreatedOnToolsVersion = 15.2;
					};
				};
			};
			buildConfigurationList = 30EB9C972B83D30A0000D2BB /* Build configuration list for PBXProject "Color Line Following" */;
			compatibilityVersion = "Xcode 14.0";
			developmentRegion = en;
			hasScannedForEncodings = 0;
			knownRegions = (
				en,
				Base,
			);
			mainGroup = 30EB9C932B83D30A0000D2BB;
			productRefGroup = 30EB9C9D2B83D30A0000D2BB /* Products */;
			projectDirPath = "";
			projectRoot = "";
			targets = (
				30EB9C9B2B83D30A0000D2BB /* Color Line Following */,
			);
		};
/* End PBXProject section */

/* Begin PBXSourcesBuildPhase section */
		30EB9C982B83D30A0000D2BB /* Sources */ = {
			isa = PBXSourcesBuildPhase;
			buildActionMask = 2147483647;
			files = (
				30EB9D382B849E510000D2BB /* main.cpp in Sources */,
			);
			runOnlyForDeploymentPostprocessing = 0;
		};
/* End PBXSourcesBuildPhase section */

/* Begin XCBuildConfiguration section */
		30EB9CA12B83D30A0000D2BB /* Debug */ = {
			isa = XCBuildConfiguration;
			buildSettings = {
				ALWAYS_SEARCH_USER_PATHS = NO;
				ASSETCATALOG_COMPILER_GENERATE_SWIFT_ASSET_SYMBOL_EXTENSIONS = YES;
				CLANG_ANALYZER_NONNULL = YES;
				CLANG_ANALYZER_NUMBER_OBJECT_CONVERSION = YES_AGGRESSIVE;
				CLANG_CXX_LANGUAGE_STANDARD = "gnu++20";
				CLANG_ENABLE_MODULES = YES;
				CLANG_ENABLE_OBJC_ARC = YES;
				CLANG_ENABLE_OBJC_WEAK = YES;
				CLANG_WARN_BLOCK_CAPTURE_AUTORELEASING = YES;
				CLANG_WARN_BOOL_CONVERSION = YES;
				CLANG_WARN_COMMA = YES;
				CLANG_WARN_CONSTANT_CONVERSION = YES;
				CLANG_WARN_DEPRECATED_OBJC_IMPLEMENTATIONS = YES;
				CLANG_WARN_DIRECT_OBJC_ISA_USAGE = YES_ERROR;
				CLANG_WARN_DOCUMENTATION_COMMENTS = YES;
				CLANG_WARN_EMPTY_BODY = YES;
				CLANG_WARN_ENUM_CONVERSION = YES;
				CLANG_WARN_INFINITE_RECURSION = YES;
				CLANG_WARN_INT_CONVERSION = YES;
				CLANG_WARN_NON_LITERAL_NULL_CONVERSION = YES;
				CLANG_WARN_OBJC_IMPLICIT_RETAIN_SELF = YES;
				CLANG_WARN_OBJC_LITERAL_CONVERSION = YES;
				CLANG_WARN_OBJC_ROOT_CLASS = YES_ERROR;
				CLANG_WARN_QUOTED_INCLUDE_IN_FRAMEWORK_HEADER = YES;
				CLANG_WARN_RANGE_LOOP_ANALYSIS = YES;
				CLANG_WARN_STRICT_PROTOTYPES = YES;
				CLANG_WARN_SUSPICIOUS_MOVE = YES;
				CLANG_WARN_UNGUARDED_AVAILABILITY = YES_AGGRESSIVE;
				CLANG_WARN_UNREACHABLE_CODE = YES;
				CLANG_WARN__DUPLICATE_METHOD_MATCH = YES;
				COPY_PHASE_STRIP = NO;
				DEBUG_INFORMATION_FORMAT = dwarf;
				ENABLE_STRICT_OBJC_MSGSEND = YES;
				ENABLE_TESTABILITY = YES;
				ENABLE_USER_SCRIPT_SANDBOXING = YES;
				GCC_C_LANGUAGE_STANDARD = gnu17;
				GCC_DYNAMIC_NO_PIC = NO;
				GCC_NO_COMMON_BLOCKS = YES;
				GCC_OPTIMIZATION_LEVEL = 0;
				GCC_PREPROCESSOR_DEFINITIONS = (
					"DEBUG=1",
					"$(inherited)",
				);
				GCC_WARN_64_TO_32_BIT_CONVERSION = YES;
				GCC_WARN_ABOUT_RETURN_TYPE = YES_ERROR;
				GCC_WARN_UNDECLARED_SELECTOR = YES;
				GCC_WARN_UNINITIALIZED_AUTOS = YES_AGGRESSIVE;
				GCC_WARN_UNUSED_FUNCTION = YES;
				GCC_WARN_UNUSED_VARIABLE = YES;
				LOCALIZATION_PREFERS_STRING_CATALOGS = YES;
				MACOSX_DEPLOYMENT_TARGET = 14.2;
				MTL_ENABLE_DEBUG_INFO = INCLUDE_SOURCE;
				MTL_FAST_MATH = YES;
				ONLY_ACTIVE_ARCH = YES;
				SDKROOT = macosx;
			};
			name = Debug;
		};
		30EB9CA22B83D30A0000D2BB /* Release */ = {
			isa = XCBuildConfiguration;
			buildSettings = {
				ALWAYS_SEARCH_USER_PATHS = NO;
				ASSETCATALOG_COMPILER_GENERATE_SWIFT_ASSET_SYMBOL_EXTENSIONS = YES;
				CLANG_ANALYZER_NONNULL = YES;
				CLANG_ANALYZER_NUMBER_OBJECT_CONVERSION = YES_AGGRESSIVE;
				CLANG_CXX_LANGUAGE_STANDARD = "gnu++20";
				CLANG_ENABLE_MODULES = YES;
				CLANG_ENABLE_OBJC_ARC = YES;
				CLANG_ENABLE_OBJC_WEAK = YES;
				CLANG_WARN_BLOCK_CAPTURE_AUTORELEASING = YES;
				CLANG_WARN_BOOL_CONVERSION = YES;
				CLANG_WARN_COMMA = YES;
				CLANG_WARN_CONSTANT_CONVERSION = YES;
				CLANG_WARN_DEPRECATED_OBJC_IMPLEMENTATIONS = YES;
				CLANG_WARN_DIRECT_OBJC_ISA_USAGE = YES_ERROR;
				CLANG_WARN_DOCUMENTATION_COMMENTS = YES;
				CLANG_WARN_EMPTY_BODY = YES;
				CLANG_WARN_ENUM_CONVERSION = YES;
				CLANG_WARN_INFINITE_RECURSION = YES;
				CLANG_WARN_INT_CONVERSION = YES;
				CLANG_WARN_NON_LITERAL_NULL_CONVERSION = YES;
				CLANG_WARN_OBJC_IMPLICIT_RETAIN_SELF = YES;
				CLANG_WARN_OBJC_LITERAL_CONVERSION = YES;
				CLANG_WARN_OBJC_ROOT_CLASS = YES_ERROR;
				CLANG_WARN_QUOTED_INCLUDE_IN_FRAMEWORK_HEADER = YES;
				CLANG_WARN_RANGE_LOOP_ANALYSIS = YES;
				CLANG_WARN_STRICT_PROTOTYPES = YES;
				CLANG_WARN_SUSPICIOUS_MOVE = YES;
				CLANG_WARN_UNGUARDED_AVAILABILITY = YES_AGGRESSIVE;
				CLANG_WARN_UNREACHABLE_CODE = YES;
				CLANG_WARN__DUPLICATE_METHOD_MATCH = YES;
				COPY_PHASE_STRIP = NO;
				DEBUG_INFORMATION_FORMAT = "dwarf-with-dsym";
				ENABLE_NS_ASSERTIONS = NO;
				ENABLE_STRICT_OBJC_MSGSEND = YES;
				ENABLE_USER_SCRIPT_SANDBOXING = YES;
				GCC_C_LANGUAGE_STANDARD = gnu17;
				GCC_NO_COMMON_BLOCKS = YES;
				GCC_WARN_64_TO_32_BIT_CONVERSION = YES;
				GCC_WARN_ABOUT_RETURN_TYPE = YES_ERROR;
				GCC_WARN_UNDECLARED_SELECTOR = YES;
				GCC_WARN_UNINITIALIZED_AUTOS = YES_AGGRESSIVE;
				GCC_WARN_UNUSED_FUNCTION = YES;
				GCC_WARN_UNUSED_VARIABLE = YES;
				LOCALIZATION_PREFERS_STRING_CATALOGS = YES;
				MACOSX_DEPLOYMENT_TARGET = 14.2;
				MTL_ENABLE_DEBUG_INFO = NO;
				MTL_FAST_MATH = YES;
				SDKROOT = macosx;
			};
			name = Release;
		};
		30EB9CA42B83D30A0000D2BB /* Debug */ = {
			isa = XCBuildConfiguration;
			buildSettings = {
				CODE_SIGN_ENTITLEMENTS = "Color Line Following/Color Line Following.entitlements";
				"CODE_SIGN_IDENTITY[sdk=macosx*]" = "-";
				CODE_SIGN_STYLE = Automatic;
				DEVELOPMENT_TEAM = 9PPFG72QNP;
				ENABLE_HARDENED_RUNTIME = YES;
				FRAMEWORK_SEARCH_PATHS = "";
				HEADER_SEARCH_PATHS = "/opt/homebrew/opt/opencv/include/opencv4/**";
				LIBRARY_SEARCH_PATHS = (
					"$(inherited)",
					/opt/homebrew/Cellar/opencv/4.9.0_3/lib,
				);
				OTHER_LDFLAGS = "";
				"PRODUCT_BUNDLE_IDENTIFIER[sdk=macosx*]" = I;
				PRODUCT_NAME = "$(TARGET_NAME)";
			};
			name = Debug;
		};
		30EB9CA52B83D30A0000D2BB /* Release */ = {
			isa = XCBuildConfiguration;
			buildSettings = {
				CODE_SIGN_ENTITLEMENTS = "Color Line Following/Color Line Following.entitlements";
				"CODE_SIGN_IDENTITY[sdk=macosx*]" = "-";
				CODE_SIGN_STYLE = Automatic;
				DEVELOPMENT_TEAM = 9PPFG72QNP;
				ENABLE_HARDENED_RUNTIME = YES;
				FRAMEWORK_SEARCH_PATHS = "";
				HEADER_SEARCH_PATHS = "/opt/homebrew/opt/opencv/include/opencv4/**";
				LIBRARY_SEARCH_PATHS = (
					"$(inherited)",
					/opt/homebrew/Cellar/opencv/4.9.0_3/lib,
				);
				OTHER_LDFLAGS = "";
				"PRODUCT_BUNDLE_IDENTIFIER[sdk=macosx*]" = I;
				PRODUCT_NAME = "$(TARGET_NAME)";
			};
			name = Release;
		};
/* End XCBuildConfiguration section */

/* Begin XCConfigurationList section */
		30EB9C972B83D30A0000D2BB /* Build configuration list for PBXProject "Color Line Following" */ = {
			isa = XCConfigurationList;
			buildConfigurations = (
				30EB9CA12B83D30A0000D2BB /* Debug */,
				30EB9CA22B83D30A0000D2BB /* Release */,
			);
			defaultConfigurationIsVisible = 0;
			defaultConfigurationName = Release;
		};
		30EB9CA32B83D30A0000D2BB /* Build configuration list for PBXNativeTarget "Color Line Following" */ = {
			isa = XCConfigurationList;
			buildConfigurations = (
				30EB9CA42B83D30A0000D2BB /* Debug */,
				30EB9CA52B83D30A0000D2BB /* Release */,
			);
			defaultConfigurationIsVisible = 0;
			defaultConfigurationName = Release;
		};
/* End XCConfigurationList section */
	};
	rootObject = 30EB9C942B83D30A0000D2BB /* Project object */;
}
